// !$*UTF8*$!
{
	archiveVersion = 1;
	classes = {
	};
	objectVersion = 52;
	objects = {

/* Begin PBXBuildFile section */
		060782B2250CE27700A87020 /* AppDelegate.swift in Sources */ = {isa = PBXBuildFile; fileRef = 060782B1250CE27700A87020 /* AppDelegate.swift */; };
		060782B4250CE27700A87020 /* SceneDelegate.swift in Sources */ = {isa = PBXBuildFile; fileRef = 060782B3250CE27700A87020 /* SceneDelegate.swift */; };
		060782B6250CE27700A87020 /* FeedViewController.swift in Sources */ = {isa = PBXBuildFile; fileRef = 060782B5250CE27700A87020 /* FeedViewController.swift */; };
		060782BE250CE27A00A87020 /* LaunchScreen.storyboard in Resources */ = {isa = PBXBuildFile; fileRef = 060782BC250CE27A00A87020 /* LaunchScreen.storyboard */; };
		060782C6250CEB0A00A87020 /* InfoViewController.swift in Sources */ = {isa = PBXBuildFile; fileRef = 060782C5250CEB0A00A87020 /* InfoViewController.swift */; };
		060782C8250CEE5D00A87020 /* PostViewController.swift in Sources */ = {isa = PBXBuildFile; fileRef = 060782C7250CEE5D00A87020 /* PostViewController.swift */; };
		3010814A275E626C006C4DF8 /* Queen.mp3 in Resources */ = {isa = PBXBuildFile; fileRef = 30108149275E626C006C4DF8 /* Queen.mp3 */; };
		3010814F275E88CB006C4DF8 /* The Ink Spots. If I Didn't Care.mp3 in Resources */ = {isa = PBXBuildFile; fileRef = 3010814B275E88CA006C4DF8 /* The Ink Spots. If I Didn't Care.mp3 */; };
		30108150275E88CB006C4DF8 /* Louis Armstrong & Ella Fitzgerald. Love Is Here To Stay.mp3 in Resources */ = {isa = PBXBuildFile; fileRef = 3010814C275E88CB006C4DF8 /* Louis Armstrong & Ella Fitzgerald. Love Is Here To Stay.mp3 */; };
		30108151275E88CB006C4DF8 /* M83. Midnight City.mp3 in Resources */ = {isa = PBXBuildFile; fileRef = 3010814D275E88CB006C4DF8 /* M83. Midnight City.mp3 */; };
		30108152275E88CB006C4DF8 /* Frank Sinatra. Let it snow.mp3 in Resources */ = {isa = PBXBuildFile; fileRef = 3010814E275E88CB006C4DF8 /* Frank Sinatra. Let it snow.mp3 */; };
		3011CB2B2689BDBC00C1692E /* PeseliPhotos.swift in Sources */ = {isa = PBXBuildFile; fileRef = 3011CB2A2689BDBC00C1692E /* PeseliPhotos.swift */; };
		3011CB372689C12E00C1692E /* PhotosCollectionViewCell.swift in Sources */ = {isa = PBXBuildFile; fileRef = 3011CB342689C12D00C1692E /* PhotosCollectionViewCell.swift */; };
		3011CB382689C12E00C1692E /* PhotosTableViewCell.swift in Sources */ = {isa = PBXBuildFile; fileRef = 3011CB352689C12D00C1692E /* PhotosTableViewCell.swift */; };
		3011CB392689C12E00C1692E /* PhotosViewController.swift in Sources */ = {isa = PBXBuildFile; fileRef = 3011CB362689C12E00C1692E /* PhotosViewController.swift */; };
		30397DE92760F44F0024B13D /* VideoViewController.swift in Sources */ = {isa = PBXBuildFile; fileRef = 30397DE82760F44F0024B13D /* VideoViewController.swift */; };
		30397DEC2761020C0024B13D /* VideoTableViewCell.swift in Sources */ = {isa = PBXBuildFile; fileRef = 30397DEB2761020C0024B13D /* VideoTableViewCell.swift */; };
		30397DEF27610C940024B13D /* WebKit.framework in Frameworks */ = {isa = PBXBuildFile; fileRef = 30397DEE27610C940024B13D /* WebKit.framework */; };
		30397DF1276126CC0024B13D /* VideoPlayerViewController.swift in Sources */ = {isa = PBXBuildFile; fileRef = 30397DF0276126CC0024B13D /* VideoPlayerViewController.swift */; };
		30397DF32762970D0024B13D /* AudioViewController.swift in Sources */ = {isa = PBXBuildFile; fileRef = 30397DF22762970D0024B13D /* AudioViewController.swift */; };
		30417C7B271740F300EF672A /* MyTabBarController.swift in Sources */ = {isa = PBXBuildFile; fileRef = 30417C7A271740F300EF672A /* MyTabBarController.swift */; };
		30417C7D2717420D00EF672A /* FeedViewControllerFactory.swift in Sources */ = {isa = PBXBuildFile; fileRef = 30417C7C2717420D00EF672A /* FeedViewControllerFactory.swift */; };
		304AAA3C27089B030060DAC2 /* LogInAutentificator.swift in Sources */ = {isa = PBXBuildFile; fileRef = 304AAA3B27089B030060DAC2 /* LogInAutentificator.swift */; };
		304AAA3E27089C6C0060DAC2 /* Checker.swift in Sources */ = {isa = PBXBuildFile; fileRef = 304AAA3D27089C6C0060DAC2 /* Checker.swift */; };
		304AAA402708F45E0060DAC2 /* LoginFactory.swift in Sources */ = {isa = PBXBuildFile; fileRef = 304AAA3F2708F45E0060DAC2 /* LoginFactory.swift */; };
		306CFF0E26EE6AAB0006072C /* iOSIntPackage in Frameworks */ = {isa = PBXBuildFile; productRef = 306CFF0D26EE6AAB0006072C /* iOSIntPackage */; };
		306FD874266E414A0038CA8F /* LogInViewController.swift in Sources */ = {isa = PBXBuildFile; fileRef = 306FD873266E414A0038CA8F /* LogInViewController.swift */; };
		306FD878266E55CE0038CA8F /* LogInView.swift in Sources */ = {isa = PBXBuildFile; fileRef = 306FD877266E55CE0038CA8F /* LogInView.swift */; };
		306FD87B266E8AB50038CA8F /* Assets.xcassets in Resources */ = {isa = PBXBuildFile; fileRef = 306FD87A266E8AB50038CA8F /* Assets.xcassets */; };
		3081855A270CA96300573949 /* Constants.swift in Sources */ = {isa = PBXBuildFile; fileRef = 30818559270CA96300573949 /* Constants.swift */; };
		308A099D26726524004A18C4 /* PostsInProfile.swift in Sources */ = {isa = PBXBuildFile; fileRef = 308A099C26726524004A18C4 /* PostsInProfile.swift */; };
		30A87C52267285DD002FFC4D /* PostTableViewCell.swift in Sources */ = {isa = PBXBuildFile; fileRef = 30A87C51267285DD002FFC4D /* PostTableViewCell.swift */; };
		30B8F00A26F650E600EA4534 /* User.swift in Sources */ = {isa = PBXBuildFile; fileRef = 30B8F00926F650E600EA4534 /* User.swift */; };
		30B97D4E26E8DD27004DDC78 /* StorageService.h in Headers */ = {isa = PBXBuildFile; fileRef = 30B97D4C26E8DD27004DDC78 /* StorageService.h */; settings = {ATTRIBUTES = (Public, ); }; };
		30B97D5126E8DD27004DDC78 /* StorageService.framework in Frameworks */ = {isa = PBXBuildFile; fileRef = 30B97D4A26E8DD27004DDC78 /* StorageService.framework */; };
		30B97D5226E8DD27004DDC78 /* StorageService.framework in Embed Frameworks */ = {isa = PBXBuildFile; fileRef = 30B97D4A26E8DD27004DDC78 /* StorageService.framework */; settings = {ATTRIBUTES = (CodeSignOnCopy, RemoveHeadersOnCopy, ); }; };
		30B97D5726E8DEB4004DDC78 /* Post.swift in Sources */ = {isa = PBXBuildFile; fileRef = 060782C9250CEE7200A87020 /* Post.swift */; };
		30E0F6EF27160E230080DF60 /* Models.swift in Sources */ = {isa = PBXBuildFile; fileRef = 30E0F6EE27160E230080DF60 /* Models.swift */; };
		30E77E2C2642B6A5009C9D34 /* ProfileHeaderView.swift in Sources */ = {isa = PBXBuildFile; fileRef = 30E77E2B2642B6A5009C9D34 /* ProfileHeaderView.swift */; };
		30E77E2F2642B727009C9D34 /* ProfileViewController.swift in Sources */ = {isa = PBXBuildFile; fileRef = 30E77E2E2642B727009C9D34 /* ProfileViewController.swift */; };
		8B1FD87AB0D912B58E9C73FA /* Pods_Navigation.framework in Frameworks */ = {isa = PBXBuildFile; fileRef = E888E3F401FA241080BBE554 /* Pods_Navigation.framework */; };
/* End PBXBuildFile section */

/* Begin PBXContainerItemProxy section */
		30B97D4F26E8DD27004DDC78 /* PBXContainerItemProxy */ = {
			isa = PBXContainerItemProxy;
			containerPortal = 060782A6250CE27700A87020 /* Project object */;
			proxyType = 1;
			remoteGlobalIDString = 30B97D4926E8DD27004DDC78;
			remoteInfo = StorageService;
		};
/* End PBXContainerItemProxy section */

/* Begin PBXCopyFilesBuildPhase section */
		30B97D5326E8DD27004DDC78 /* Embed Frameworks */ = {
			isa = PBXCopyFilesBuildPhase;
			buildActionMask = 2147483647;
			dstPath = "";
			dstSubfolderSpec = 10;
			files = (
				30B97D5226E8DD27004DDC78 /* StorageService.framework in Embed Frameworks */,
			);
			name = "Embed Frameworks";
			runOnlyForDeploymentPostprocessing = 0;
		};
/* End PBXCopyFilesBuildPhase section */

/* Begin PBXFileReference section */
		060782AE250CE27700A87020 /* Navigation.app */ = {isa = PBXFileReference; explicitFileType = wrapper.application; includeInIndex = 0; path = Navigation.app; sourceTree = BUILT_PRODUCTS_DIR; };
		060782B1250CE27700A87020 /* AppDelegate.swift */ = {isa = PBXFileReference; lastKnownFileType = sourcecode.swift; path = AppDelegate.swift; sourceTree = "<group>"; };
		060782B3250CE27700A87020 /* SceneDelegate.swift */ = {isa = PBXFileReference; lastKnownFileType = sourcecode.swift; path = SceneDelegate.swift; sourceTree = "<group>"; };
		060782B5250CE27700A87020 /* FeedViewController.swift */ = {isa = PBXFileReference; lastKnownFileType = sourcecode.swift; path = FeedViewController.swift; sourceTree = "<group>"; };
		060782BD250CE27A00A87020 /* Base */ = {isa = PBXFileReference; lastKnownFileType = file.storyboard; name = Base; path = Base.lproj/LaunchScreen.storyboard; sourceTree = "<group>"; };
		060782BF250CE27A00A87020 /* Info.plist */ = {isa = PBXFileReference; lastKnownFileType = text.plist.xml; path = Info.plist; sourceTree = "<group>"; };
		060782C5250CEB0A00A87020 /* InfoViewController.swift */ = {isa = PBXFileReference; lastKnownFileType = sourcecode.swift; path = InfoViewController.swift; sourceTree = "<group>"; };
		060782C7250CEE5D00A87020 /* PostViewController.swift */ = {isa = PBXFileReference; lastKnownFileType = sourcecode.swift; path = PostViewController.swift; sourceTree = "<group>"; };
		060782C9250CEE7200A87020 /* Post.swift */ = {isa = PBXFileReference; lastKnownFileType = sourcecode.swift; path = Post.swift; sourceTree = "<group>"; };
		30108149275E626C006C4DF8 /* Queen.mp3 */ = {isa = PBXFileReference; lastKnownFileType = audio.mp3; path = Queen.mp3; sourceTree = "<group>"; };
		3010814B275E88CA006C4DF8 /* The Ink Spots. If I Didn't Care.mp3 */ = {isa = PBXFileReference; lastKnownFileType = audio.mp3; path = "The Ink Spots. If I Didn't Care.mp3"; sourceTree = "<group>"; };
		3010814C275E88CB006C4DF8 /* Louis Armstrong & Ella Fitzgerald. Love Is Here To Stay.mp3 */ = {isa = PBXFileReference; lastKnownFileType = audio.mp3; path = "Louis Armstrong & Ella Fitzgerald. Love Is Here To Stay.mp3"; sourceTree = "<group>"; };
		3010814D275E88CB006C4DF8 /* M83. Midnight City.mp3 */ = {isa = PBXFileReference; lastKnownFileType = audio.mp3; path = "M83. Midnight City.mp3"; sourceTree = "<group>"; };
		3010814E275E88CB006C4DF8 /* Frank Sinatra. Let it snow.mp3 */ = {isa = PBXFileReference; lastKnownFileType = audio.mp3; path = "Frank Sinatra. Let it snow.mp3"; sourceTree = "<group>"; };
		3011CB2A2689BDBC00C1692E /* PeseliPhotos.swift */ = {isa = PBXFileReference; fileEncoding = 4; lastKnownFileType = sourcecode.swift; name = PeseliPhotos.swift; path = Navigation/PeseliPhotos.swift; sourceTree = SOURCE_ROOT; };
		3011CB342689C12D00C1692E /* PhotosCollectionViewCell.swift */ = {isa = PBXFileReference; fileEncoding = 4; lastKnownFileType = sourcecode.swift; name = PhotosCollectionViewCell.swift; path = Navigation/Profile/PhotoGallery/PhotosCollectionViewCell.swift; sourceTree = SOURCE_ROOT; };
		3011CB352689C12D00C1692E /* PhotosTableViewCell.swift */ = {isa = PBXFileReference; fileEncoding = 4; lastKnownFileType = sourcecode.swift; name = PhotosTableViewCell.swift; path = Navigation/Profile/PhotoGallery/PhotosTableViewCell.swift; sourceTree = SOURCE_ROOT; };
		3011CB362689C12E00C1692E /* PhotosViewController.swift */ = {isa = PBXFileReference; fileEncoding = 4; lastKnownFileType = sourcecode.swift; name = PhotosViewController.swift; path = Navigation/Profile/PhotoGallery/PhotosViewController.swift; sourceTree = SOURCE_ROOT; };
		30397DE82760F44F0024B13D /* VideoViewController.swift */ = {isa = PBXFileReference; lastKnownFileType = sourcecode.swift; path = VideoViewController.swift; sourceTree = "<group>"; };
		30397DEB2761020C0024B13D /* VideoTableViewCell.swift */ = {isa = PBXFileReference; lastKnownFileType = sourcecode.swift; path = VideoTableViewCell.swift; sourceTree = "<group>"; };
		30397DEE27610C940024B13D /* WebKit.framework */ = {isa = PBXFileReference; lastKnownFileType = wrapper.framework; name = WebKit.framework; path = System/Library/Frameworks/WebKit.framework; sourceTree = SDKROOT; };
		30397DF0276126CC0024B13D /* VideoPlayerViewController.swift */ = {isa = PBXFileReference; lastKnownFileType = sourcecode.swift; path = VideoPlayerViewController.swift; sourceTree = "<group>"; };
		30397DF22762970D0024B13D /* AudioViewController.swift */ = {isa = PBXFileReference; lastKnownFileType = sourcecode.swift; path = AudioViewController.swift; sourceTree = "<group>"; };
		30417C7A271740F300EF672A /* MyTabBarController.swift */ = {isa = PBXFileReference; lastKnownFileType = sourcecode.swift; path = MyTabBarController.swift; sourceTree = "<group>"; };
		30417C7C2717420D00EF672A /* FeedViewControllerFactory.swift */ = {isa = PBXFileReference; lastKnownFileType = sourcecode.swift; path = FeedViewControllerFactory.swift; sourceTree = "<group>"; };
		304AAA3B27089B030060DAC2 /* LogInAutentificator.swift */ = {isa = PBXFileReference; lastKnownFileType = sourcecode.swift; path = LogInAutentificator.swift; sourceTree = "<group>"; };
		304AAA3D27089C6C0060DAC2 /* Checker.swift */ = {isa = PBXFileReference; lastKnownFileType = sourcecode.swift; path = Checker.swift; sourceTree = "<group>"; };
		304AAA3F2708F45E0060DAC2 /* LoginFactory.swift */ = {isa = PBXFileReference; lastKnownFileType = sourcecode.swift; path = LoginFactory.swift; sourceTree = "<group>"; };
		306FD873266E414A0038CA8F /* LogInViewController.swift */ = {isa = PBXFileReference; lastKnownFileType = sourcecode.swift; path = LogInViewController.swift; sourceTree = "<group>"; };
		306FD877266E55CE0038CA8F /* LogInView.swift */ = {isa = PBXFileReference; lastKnownFileType = sourcecode.swift; path = LogInView.swift; sourceTree = "<group>"; };
		306FD87A266E8AB50038CA8F /* Assets.xcassets */ = {isa = PBXFileReference; lastKnownFileType = folder.assetcatalog; path = Assets.xcassets; sourceTree = "<group>"; };
		30818559270CA96300573949 /* Constants.swift */ = {isa = PBXFileReference; lastKnownFileType = sourcecode.swift; path = Constants.swift; sourceTree = "<group>"; };
		308A099C26726524004A18C4 /* PostsInProfile.swift */ = {isa = PBXFileReference; lastKnownFileType = sourcecode.swift; path = PostsInProfile.swift; sourceTree = "<group>"; };
		30A87C51267285DD002FFC4D /* PostTableViewCell.swift */ = {isa = PBXFileReference; lastKnownFileType = sourcecode.swift; path = PostTableViewCell.swift; sourceTree = "<group>"; };
		30B8F00926F650E600EA4534 /* User.swift */ = {isa = PBXFileReference; lastKnownFileType = sourcecode.swift; path = User.swift; sourceTree = "<group>"; };
		30B97D4A26E8DD27004DDC78 /* StorageService.framework */ = {isa = PBXFileReference; explicitFileType = wrapper.framework; includeInIndex = 0; path = StorageService.framework; sourceTree = BUILT_PRODUCTS_DIR; };
		30B97D4C26E8DD27004DDC78 /* StorageService.h */ = {isa = PBXFileReference; lastKnownFileType = sourcecode.c.h; path = StorageService.h; sourceTree = "<group>"; };
		30B97D4D26E8DD27004DDC78 /* Info.plist */ = {isa = PBXFileReference; lastKnownFileType = text.plist.xml; path = Info.plist; sourceTree = "<group>"; };
		30E0F6EE27160E230080DF60 /* Models.swift */ = {isa = PBXFileReference; lastKnownFileType = sourcecode.swift; path = Models.swift; sourceTree = "<group>"; };
		30E77E2B2642B6A5009C9D34 /* ProfileHeaderView.swift */ = {isa = PBXFileReference; lastKnownFileType = sourcecode.swift; path = ProfileHeaderView.swift; sourceTree = "<group>"; };
		30E77E2E2642B727009C9D34 /* ProfileViewController.swift */ = {isa = PBXFileReference; lastKnownFileType = sourcecode.swift; path = ProfileViewController.swift; sourceTree = "<group>"; };
		475996EB6C3EB3ABC714F943 /* Pods-Navigation.release.xcconfig */ = {isa = PBXFileReference; includeInIndex = 1; lastKnownFileType = text.xcconfig; name = "Pods-Navigation.release.xcconfig"; path = "Target Support Files/Pods-Navigation/Pods-Navigation.release.xcconfig"; sourceTree = "<group>"; };
		DA10C08E78EF965AAC253A16 /* Pods-Navigation.debug.xcconfig */ = {isa = PBXFileReference; includeInIndex = 1; lastKnownFileType = text.xcconfig; name = "Pods-Navigation.debug.xcconfig"; path = "Target Support Files/Pods-Navigation/Pods-Navigation.debug.xcconfig"; sourceTree = "<group>"; };
		E888E3F401FA241080BBE554 /* Pods_Navigation.framework */ = {isa = PBXFileReference; explicitFileType = wrapper.framework; includeInIndex = 0; path = Pods_Navigation.framework; sourceTree = BUILT_PRODUCTS_DIR; };
/* End PBXFileReference section */

/* Begin PBXFrameworksBuildPhase section */
		060782AB250CE27700A87020 /* Frameworks */ = {
			isa = PBXFrameworksBuildPhase;
			buildActionMask = 2147483647;
			files = (
				30397DEF27610C940024B13D /* WebKit.framework in Frameworks */,
				8B1FD87AB0D912B58E9C73FA /* Pods_Navigation.framework in Frameworks */,
				306CFF0E26EE6AAB0006072C /* iOSIntPackage in Frameworks */,
				30B97D5126E8DD27004DDC78 /* StorageService.framework in Frameworks */,
			);
			runOnlyForDeploymentPostprocessing = 0;
		};
		30B97D4726E8DD27004DDC78 /* Frameworks */ = {
			isa = PBXFrameworksBuildPhase;
			buildActionMask = 2147483647;
			files = (
			);
			runOnlyForDeploymentPostprocessing = 0;
		};
/* End PBXFrameworksBuildPhase section */

/* Begin PBXGroup section */
		060782A5250CE27700A87020 = {
			isa = PBXGroup;
			children = (
				060782B0250CE27700A87020 /* Navigation */,
				30B97D4B26E8DD27004DDC78 /* StorageService */,
				060782AF250CE27700A87020 /* Products */,
				3A01EEEA59EB72475A5892E5 /* Pods */,
				19270D2E7936D695C6D1FF01 /* Frameworks */,
			);
			sourceTree = "<group>";
		};
		060782AF250CE27700A87020 /* Products */ = {
			isa = PBXGroup;
			children = (
				060782AE250CE27700A87020 /* Navigation.app */,
				30B97D4A26E8DD27004DDC78 /* StorageService.framework */,
			);
			name = Products;
			sourceTree = "<group>";
		};
		060782B0250CE27700A87020 /* Navigation */ = {
			isa = PBXGroup;
			children = (
				060782B1250CE27700A87020 /* AppDelegate.swift */,
				30417C7A271740F300EF672A /* MyTabBarController.swift */,
				060782B3250CE27700A87020 /* SceneDelegate.swift */,
				30417C7E2719B6CB00EF672A /* Factories */,
				30E0F6ED27160E0D0080DF60 /* Models */,
				3081855B270CA96700573949 /* Constants */,
				308A09A0267266B0004A18C4 /* LogIn */,
				30C71D9C2672712F00611926 /* Storage */,
				30E77E2A2642B67B009C9D34 /* Profile */,
				306FD87A266E8AB50038CA8F /* Assets.xcassets */,
				060782BC250CE27A00A87020 /* LaunchScreen.storyboard */,
				060782BF250CE27A00A87020 /* Info.plist */,
				060782B5250CE27700A87020 /* FeedViewController.swift */,
				060782C5250CEB0A00A87020 /* InfoViewController.swift */,
				060782C7250CEE5D00A87020 /* PostViewController.swift */,
				30397DED276102180024B13D /* Video */,
				30108148275E6243006C4DF8 /* Audio */,
			);
			path = Navigation;
			sourceTree = "<group>";
		};
		19270D2E7936D695C6D1FF01 /* Frameworks */ = {
			isa = PBXGroup;
			children = (
				30397DEE27610C940024B13D /* WebKit.framework */,
				E888E3F401FA241080BBE554 /* Pods_Navigation.framework */,
			);
			name = Frameworks;
			sourceTree = "<group>";
		};
		30108148275E6243006C4DF8 /* Audio */ = {
			isa = PBXGroup;
			children = (
				30397DF22762970D0024B13D /* AudioViewController.swift */,
				3010814E275E88CB006C4DF8 /* Frank Sinatra. Let it snow.mp3 */,
				3010814C275E88CB006C4DF8 /* Louis Armstrong & Ella Fitzgerald. Love Is Here To Stay.mp3 */,
				3010814D275E88CB006C4DF8 /* M83. Midnight City.mp3 */,
				3010814B275E88CA006C4DF8 /* The Ink Spots. If I Didn't Care.mp3 */,
				30108149275E626C006C4DF8 /* Queen.mp3 */,
			);
			path = Audio;
			sourceTree = "<group>";
		};
		30397DED276102180024B13D /* Video */ = {
			isa = PBXGroup;
			children = (
				30397DE82760F44F0024B13D /* VideoViewController.swift */,
				30397DEB2761020C0024B13D /* VideoTableViewCell.swift */,
				30397DF0276126CC0024B13D /* VideoPlayerViewController.swift */,
			);
			path = Video;
			sourceTree = "<group>";
		};
		30417C7E2719B6CB00EF672A /* Factories */ = {
			isa = PBXGroup;
			children = (
				304AAA3F2708F45E0060DAC2 /* LoginFactory.swift */,
				30417C7C2717420D00EF672A /* FeedViewControllerFactory.swift */,
			);
			path = Factories;
			sourceTree = "<group>";
		};
		30556E5D267B761F0076E2C4 /* PhotoGallery */ = {
			isa = PBXGroup;
			children = (
				3011CB352689C12D00C1692E /* PhotosTableViewCell.swift */,
				3011CB342689C12D00C1692E /* PhotosCollectionViewCell.swift */,
				3011CB362689C12E00C1692E /* PhotosViewController.swift */,
			);
			path = PhotoGallery;
			sourceTree = "<group>";
		};
		3081855B270CA96700573949 /* Constants */ = {
			isa = PBXGroup;
			children = (
				30818559270CA96300573949 /* Constants.swift */,
			);
			path = Constants;
			sourceTree = "<group>";
		};
		308A09A0267266B0004A18C4 /* LogIn */ = {
			isa = PBXGroup;
			children = (
				304AAA3D27089C6C0060DAC2 /* Checker.swift */,
				306FD873266E414A0038CA8F /* LogInViewController.swift */,
				304AAA3B27089B030060DAC2 /* LogInAutentificator.swift */,
				306FD877266E55CE0038CA8F /* LogInView.swift */,
			);
			path = LogIn;
			sourceTree = "<group>";
		};
		30B97D4B26E8DD27004DDC78 /* StorageService */ = {
			isa = PBXGroup;
			children = (
				060782C9250CEE7200A87020 /* Post.swift */,
				30B8F00926F650E600EA4534 /* User.swift */,
				30B97D4C26E8DD27004DDC78 /* StorageService.h */,
				30B97D4D26E8DD27004DDC78 /* Info.plist */,
			);
			path = StorageService;
			sourceTree = "<group>";
		};
		30C71D9C2672712F00611926 /* Storage */ = {
			isa = PBXGroup;
			children = (
				3011CB2A2689BDBC00C1692E /* PeseliPhotos.swift */,
				308A099C26726524004A18C4 /* PostsInProfile.swift */,
			);
			path = Storage;
			sourceTree = "<group>";
		};
		30E0F6ED27160E0D0080DF60 /* Models */ = {
			isa = PBXGroup;
			children = (
				30E0F6EE27160E230080DF60 /* Models.swift */,
			);
			path = Models;
			sourceTree = "<group>";
		};
		30E77E2A2642B67B009C9D34 /* Profile */ = {
			isa = PBXGroup;
			children = (
				30A87C51267285DD002FFC4D /* PostTableViewCell.swift */,
				30E77E2E2642B727009C9D34 /* ProfileViewController.swift */,
				30E77E2B2642B6A5009C9D34 /* ProfileHeaderView.swift */,
				30556E5D267B761F0076E2C4 /* PhotoGallery */,
			);
			path = Profile;
			sourceTree = "<group>";
		};
		3A01EEEA59EB72475A5892E5 /* Pods */ = {
			isa = PBXGroup;
			children = (
				DA10C08E78EF965AAC253A16 /* Pods-Navigation.debug.xcconfig */,
				475996EB6C3EB3ABC714F943 /* Pods-Navigation.release.xcconfig */,
			);
			path = Pods;
			sourceTree = "<group>";
		};
/* End PBXGroup section */

/* Begin PBXHeadersBuildPhase section */
		30B97D4526E8DD27004DDC78 /* Headers */ = {
			isa = PBXHeadersBuildPhase;
			buildActionMask = 2147483647;
			files = (
				30B97D4E26E8DD27004DDC78 /* StorageService.h in Headers */,
			);
			runOnlyForDeploymentPostprocessing = 0;
		};
/* End PBXHeadersBuildPhase section */

/* Begin PBXNativeTarget section */
		060782AD250CE27700A87020 /* Navigation */ = {
			isa = PBXNativeTarget;
			buildConfigurationList = 060782C2250CE27A00A87020 /* Build configuration list for PBXNativeTarget "Navigation" */;
			buildPhases = (
				14462F1E4E840400AC91C507 /* [CP] Check Pods Manifest.lock */,
				060782AA250CE27700A87020 /* Sources */,
				060782AB250CE27700A87020 /* Frameworks */,
				060782AC250CE27700A87020 /* Resources */,
				1B30DF3F2A01D77E122376C9 /* [CP] Embed Pods Frameworks */,
				30B97D5326E8DD27004DDC78 /* Embed Frameworks */,
			);
			buildRules = (
			);
			dependencies = (
				30B97D5026E8DD27004DDC78 /* PBXTargetDependency */,
			);
			name = Navigation;
			packageProductDependencies = (
				306CFF0D26EE6AAB0006072C /* iOSIntPackage */,
			);
			productName = Navigation;
			productReference = 060782AE250CE27700A87020 /* Navigation.app */;
			productType = "com.apple.product-type.application";
		};
		30B97D4926E8DD27004DDC78 /* StorageService */ = {
			isa = PBXNativeTarget;
			buildConfigurationList = 30B97D5626E8DD27004DDC78 /* Build configuration list for PBXNativeTarget "StorageService" */;
			buildPhases = (
				30B97D4526E8DD27004DDC78 /* Headers */,
				30B97D4626E8DD27004DDC78 /* Sources */,
				30B97D4726E8DD27004DDC78 /* Frameworks */,
				30B97D4826E8DD27004DDC78 /* Resources */,
			);
			buildRules = (
			);
			dependencies = (
			);
			name = StorageService;
			productName = StorageService;
			productReference = 30B97D4A26E8DD27004DDC78 /* StorageService.framework */;
			productType = "com.apple.product-type.framework";
		};
/* End PBXNativeTarget section */

/* Begin PBXProject section */
		060782A6250CE27700A87020 /* Project object */ = {
			isa = PBXProject;
			attributes = {
				LastSwiftUpdateCheck = 1170;
				LastUpgradeCheck = 1240;
				ORGANIZATIONNAME = "Artem Novichkov";
				TargetAttributes = {
					060782AD250CE27700A87020 = {
						CreatedOnToolsVersion = 11.7;
					};
					30B97D4926E8DD27004DDC78 = {
						CreatedOnToolsVersion = 12.5.1;
					};
				};
			};
			buildConfigurationList = 060782A9250CE27700A87020 /* Build configuration list for PBXProject "Navigation" */;
			compatibilityVersion = "Xcode 9.3";
			developmentRegion = en;
			hasScannedForEncodings = 0;
			knownRegions = (
				en,
				Base,
			);
			mainGroup = 060782A5250CE27700A87020;
			packageReferences = (
				306CFF0C26EE6AAB0006072C /* XCRemoteSwiftPackageReference "iOSIntPackage" */,
			);
			productRefGroup = 060782AF250CE27700A87020 /* Products */;
			projectDirPath = "";
			projectRoot = "";
			targets = (
				060782AD250CE27700A87020 /* Navigation */,
				30B97D4926E8DD27004DDC78 /* StorageService */,
			);
		};
/* End PBXProject section */

/* Begin PBXResourcesBuildPhase section */
		060782AC250CE27700A87020 /* Resources */ = {
			isa = PBXResourcesBuildPhase;
			buildActionMask = 2147483647;
			files = (
				3010814A275E626C006C4DF8 /* Queen.mp3 in Resources */,
				3010814F275E88CB006C4DF8 /* The Ink Spots. If I Didn't Care.mp3 in Resources */,
				30108151275E88CB006C4DF8 /* M83. Midnight City.mp3 in Resources */,
				30108150275E88CB006C4DF8 /* Louis Armstrong & Ella Fitzgerald. Love Is Here To Stay.mp3 in Resources */,
				306FD87B266E8AB50038CA8F /* Assets.xcassets in Resources */,
				30108152275E88CB006C4DF8 /* Frank Sinatra. Let it snow.mp3 in Resources */,
				060782BE250CE27A00A87020 /* LaunchScreen.storyboard in Resources */,
			);
			runOnlyForDeploymentPostprocessing = 0;
		};
		30B97D4826E8DD27004DDC78 /* Resources */ = {
			isa = PBXResourcesBuildPhase;
			buildActionMask = 2147483647;
			files = (
			);
			runOnlyForDeploymentPostprocessing = 0;
		};
/* End PBXResourcesBuildPhase section */

/* Begin PBXShellScriptBuildPhase section */
		14462F1E4E840400AC91C507 /* [CP] Check Pods Manifest.lock */ = {
			isa = PBXShellScriptBuildPhase;
			buildActionMask = 2147483647;
			files = (
			);
			inputFileListPaths = (
			);
			inputPaths = (
				"${PODS_PODFILE_DIR_PATH}/Podfile.lock",
				"${PODS_ROOT}/Manifest.lock",
			);
			name = "[CP] Check Pods Manifest.lock";
			outputFileListPaths = (
			);
			outputPaths = (
				"$(DERIVED_FILE_DIR)/Pods-Navigation-checkManifestLockResult.txt",
			);
			runOnlyForDeploymentPostprocessing = 0;
			shellPath = /bin/sh;
			shellScript = "diff \"${PODS_PODFILE_DIR_PATH}/Podfile.lock\" \"${PODS_ROOT}/Manifest.lock\" > /dev/null\nif [ $? != 0 ] ; then\n    # print error to STDERR\n    echo \"error: The sandbox is not in sync with the Podfile.lock. Run 'pod install' or update your CocoaPods installation.\" >&2\n    exit 1\nfi\n# This output is used by Xcode 'outputs' to avoid re-running this script phase.\necho \"SUCCESS\" > \"${SCRIPT_OUTPUT_FILE_0}\"\n";
			showEnvVarsInLog = 0;
		};
		1B30DF3F2A01D77E122376C9 /* [CP] Embed Pods Frameworks */ = {
			isa = PBXShellScriptBuildPhase;
			buildActionMask = 2147483647;
			files = (
			);
			inputFileListPaths = (
				"${PODS_ROOT}/Target Support Files/Pods-Navigation/Pods-Navigation-frameworks-${CONFIGURATION}-input-files.xcfilelist",
			);
			name = "[CP] Embed Pods Frameworks";
			outputFileListPaths = (
				"${PODS_ROOT}/Target Support Files/Pods-Navigation/Pods-Navigation-frameworks-${CONFIGURATION}-output-files.xcfilelist",
			);
			runOnlyForDeploymentPostprocessing = 0;
			shellPath = /bin/sh;
			shellScript = "\"${PODS_ROOT}/Target Support Files/Pods-Navigation/Pods-Navigation-frameworks.sh\"\n";
			showEnvVarsInLog = 0;
		};
/* End PBXShellScriptBuildPhase section */

/* Begin PBXSourcesBuildPhase section */
		060782AA250CE27700A87020 /* Sources */ = {
			isa = PBXSourcesBuildPhase;
			buildActionMask = 2147483647;
			files = (
				3011CB382689C12E00C1692E /* PhotosTableViewCell.swift in Sources */,
				3011CB392689C12E00C1692E /* PhotosViewController.swift in Sources */,
				30397DF1276126CC0024B13D /* VideoPlayerViewController.swift in Sources */,
				306FD878266E55CE0038CA8F /* LogInView.swift in Sources */,
				3011CB372689C12E00C1692E /* PhotosCollectionViewCell.swift in Sources */,
				060782B6250CE27700A87020 /* FeedViewController.swift in Sources */,
				30397DEC2761020C0024B13D /* VideoTableViewCell.swift in Sources */,
				060782B2250CE27700A87020 /* AppDelegate.swift in Sources */,
				306FD874266E414A0038CA8F /* LogInViewController.swift in Sources */,
				3081855A270CA96300573949 /* Constants.swift in Sources */,
				060782C6250CEB0A00A87020 /* InfoViewController.swift in Sources */,
				304AAA3E27089C6C0060DAC2 /* Checker.swift in Sources */,
				30417C7B271740F300EF672A /* MyTabBarController.swift in Sources */,
				30E77E2C2642B6A5009C9D34 /* ProfileHeaderView.swift in Sources */,
				060782B4250CE27700A87020 /* SceneDelegate.swift in Sources */,
				30417C7D2717420D00EF672A /* FeedViewControllerFactory.swift in Sources */,
				30E77E2F2642B727009C9D34 /* ProfileViewController.swift in Sources */,
				308A099D26726524004A18C4 /* PostsInProfile.swift in Sources */,
				3011CB2B2689BDBC00C1692E /* PeseliPhotos.swift in Sources */,
				304AAA402708F45E0060DAC2 /* LoginFactory.swift in Sources */,
				30397DE92760F44F0024B13D /* VideoViewController.swift in Sources */,
				060782C8250CEE5D00A87020 /* PostViewController.swift in Sources */,
				30A87C52267285DD002FFC4D /* PostTableViewCell.swift in Sources */,
				304AAA3C27089B030060DAC2 /* LogInAutentificator.swift in Sources */,
				30E0F6EF27160E230080DF60 /* Models.swift in Sources */,
				30397DF32762970D0024B13D /* AudioViewController.swift in Sources */,
			);
			runOnlyForDeploymentPostprocessing = 0;
		};
		30B97D4626E8DD27004DDC78 /* Sources */ = {
			isa = PBXSourcesBuildPhase;
			buildActionMask = 2147483647;
			files = (
				30B8F00A26F650E600EA4534 /* User.swift in Sources */,
				30B97D5726E8DEB4004DDC78 /* Post.swift in Sources */,
			);
			runOnlyForDeploymentPostprocessing = 0;
		};
/* End PBXSourcesBuildPhase section */

/* Begin PBXTargetDependency section */
		30B97D5026E8DD27004DDC78 /* PBXTargetDependency */ = {
			isa = PBXTargetDependency;
			target = 30B97D4926E8DD27004DDC78 /* StorageService */;
			targetProxy = 30B97D4F26E8DD27004DDC78 /* PBXContainerItemProxy */;
		};
/* End PBXTargetDependency section */

/* Begin PBXVariantGroup section */
		060782BC250CE27A00A87020 /* LaunchScreen.storyboard */ = {
			isa = PBXVariantGroup;
			children = (
				060782BD250CE27A00A87020 /* Base */,
			);
			name = LaunchScreen.storyboard;
			sourceTree = "<group>";
		};
/* End PBXVariantGroup section */

/* Begin XCBuildConfiguration section */
		060782C0250CE27A00A87020 /* Debug */ = {
			isa = XCBuildConfiguration;
			buildSettings = {
				ALWAYS_SEARCH_USER_PATHS = NO;
				CLANG_ANALYZER_NONNULL = YES;
				CLANG_ANALYZER_NUMBER_OBJECT_CONVERSION = YES_AGGRESSIVE;
				CLANG_CXX_LANGUAGE_STANDARD = "gnu++14";
				CLANG_CXX_LIBRARY = "libc++";
				CLANG_ENABLE_MODULES = YES;
				CLANG_ENABLE_OBJC_ARC = YES;
				CLANG_ENABLE_OBJC_WEAK = YES;
				CLANG_WARN_BLOCK_CAPTURE_AUTORELEASING = YES;
				CLANG_WARN_BOOL_CONVERSION = YES;
				CLANG_WARN_COMMA = YES;
				CLANG_WARN_CONSTANT_CONVERSION = YES;
				CLANG_WARN_DEPRECATED_OBJC_IMPLEMENTATIONS = YES;
				CLANG_WARN_DIRECT_OBJC_ISA_USAGE = YES_ERROR;
				CLANG_WARN_DOCUMENTATION_COMMENTS = YES;
				CLANG_WARN_EMPTY_BODY = YES;
				CLANG_WARN_ENUM_CONVERSION = YES;
				CLANG_WARN_INFINITE_RECURSION = YES;
				CLANG_WARN_INT_CONVERSION = YES;
				CLANG_WARN_NON_LITERAL_NULL_CONVERSION = YES;
				CLANG_WARN_OBJC_IMPLICIT_RETAIN_SELF = YES;
				CLANG_WARN_OBJC_LITERAL_CONVERSION = YES;
				CLANG_WARN_OBJC_ROOT_CLASS = YES_ERROR;
				CLANG_WARN_QUOTED_INCLUDE_IN_FRAMEWORK_HEADER = YES;
				CLANG_WARN_RANGE_LOOP_ANALYSIS = YES;
				CLANG_WARN_STRICT_PROTOTYPES = YES;
				CLANG_WARN_SUSPICIOUS_MOVE = YES;
				CLANG_WARN_UNGUARDED_AVAILABILITY = YES_AGGRESSIVE;
				CLANG_WARN_UNREACHABLE_CODE = YES;
				CLANG_WARN__DUPLICATE_METHOD_MATCH = YES;
				COPY_PHASE_STRIP = NO;
				DEBUG_INFORMATION_FORMAT = dwarf;
				ENABLE_STRICT_OBJC_MSGSEND = YES;
				ENABLE_TESTABILITY = YES;
				GCC_C_LANGUAGE_STANDARD = gnu11;
				GCC_DYNAMIC_NO_PIC = NO;
				GCC_NO_COMMON_BLOCKS = YES;
				GCC_OPTIMIZATION_LEVEL = 0;
				GCC_PREPROCESSOR_DEFINITIONS = (
					"DEBUG=1",
					"$(inherited)",
				);
				GCC_WARN_64_TO_32_BIT_CONVERSION = YES;
				GCC_WARN_ABOUT_RETURN_TYPE = YES_ERROR;
				GCC_WARN_UNDECLARED_SELECTOR = YES;
				GCC_WARN_UNINITIALIZED_AUTOS = YES_AGGRESSIVE;
				GCC_WARN_UNUSED_FUNCTION = YES;
				GCC_WARN_UNUSED_VARIABLE = YES;
				IPHONEOS_DEPLOYMENT_TARGET = 13.7;
				MTL_ENABLE_DEBUG_INFO = INCLUDE_SOURCE;
				MTL_FAST_MATH = YES;
				ONLY_ACTIVE_ARCH = YES;
				SDKROOT = iphoneos;
				SWIFT_ACTIVE_COMPILATION_CONDITIONS = DEBUG;
				SWIFT_OPTIMIZATION_LEVEL = "-Onone";
			};
			name = Debug;
		};
		060782C1250CE27A00A87020 /* Release */ = {
			isa = XCBuildConfiguration;
			buildSettings = {
				ALWAYS_SEARCH_USER_PATHS = NO;
				CLANG_ANALYZER_NONNULL = YES;
				CLANG_ANALYZER_NUMBER_OBJECT_CONVERSION = YES_AGGRESSIVE;
				CLANG_CXX_LANGUAGE_STANDARD = "gnu++14";
				CLANG_CXX_LIBRARY = "libc++";
				CLANG_ENABLE_MODULES = YES;
				CLANG_ENABLE_OBJC_ARC = YES;
				CLANG_ENABLE_OBJC_WEAK = YES;
				CLANG_WARN_BLOCK_CAPTURE_AUTORELEASING = YES;
				CLANG_WARN_BOOL_CONVERSION = YES;
				CLANG_WARN_COMMA = YES;
				CLANG_WARN_CONSTANT_CONVERSION = YES;
				CLANG_WARN_DEPRECATED_OBJC_IMPLEMENTATIONS = YES;
				CLANG_WARN_DIRECT_OBJC_ISA_USAGE = YES_ERROR;
				CLANG_WARN_DOCUMENTATION_COMMENTS = YES;
				CLANG_WARN_EMPTY_BODY = YES;
				CLANG_WARN_ENUM_CONVERSION = YES;
				CLANG_WARN_INFINITE_RECURSION = YES;
				CLANG_WARN_INT_CONVERSION = YES;
				CLANG_WARN_NON_LITERAL_NULL_CONVERSION = YES;
				CLANG_WARN_OBJC_IMPLICIT_RETAIN_SELF = YES;
				CLANG_WARN_OBJC_LITERAL_CONVERSION = YES;
				CLANG_WARN_OBJC_ROOT_CLASS = YES_ERROR;
				CLANG_WARN_QUOTED_INCLUDE_IN_FRAMEWORK_HEADER = YES;
				CLANG_WARN_RANGE_LOOP_ANALYSIS = YES;
				CLANG_WARN_STRICT_PROTOTYPES = YES;
				CLANG_WARN_SUSPICIOUS_MOVE = YES;
				CLANG_WARN_UNGUARDED_AVAILABILITY = YES_AGGRESSIVE;
				CLANG_WARN_UNREACHABLE_CODE = YES;
				CLANG_WARN__DUPLICATE_METHOD_MATCH = YES;
				COPY_PHASE_STRIP = NO;
				DEBUG_INFORMATION_FORMAT = "dwarf-with-dsym";
				ENABLE_NS_ASSERTIONS = NO;
				ENABLE_STRICT_OBJC_MSGSEND = YES;
				GCC_C_LANGUAGE_STANDARD = gnu11;
				GCC_NO_COMMON_BLOCKS = YES;
				GCC_WARN_64_TO_32_BIT_CONVERSION = YES;
				GCC_WARN_ABOUT_RETURN_TYPE = YES_ERROR;
				GCC_WARN_UNDECLARED_SELECTOR = YES;
				GCC_WARN_UNINITIALIZED_AUTOS = YES_AGGRESSIVE;
				GCC_WARN_UNUSED_FUNCTION = YES;
				GCC_WARN_UNUSED_VARIABLE = YES;
				IPHONEOS_DEPLOYMENT_TARGET = 13.7;
				MTL_ENABLE_DEBUG_INFO = NO;
				MTL_FAST_MATH = YES;
				SDKROOT = iphoneos;
				SWIFT_COMPILATION_MODE = wholemodule;
				SWIFT_OPTIMIZATION_LEVEL = "-O";
				VALIDATE_PRODUCT = YES;
			};
			name = Release;
		};
		060782C3250CE27A00A87020 /* Debug */ = {
			isa = XCBuildConfiguration;
			baseConfigurationReference = DA10C08E78EF965AAC253A16 /* Pods-Navigation.debug.xcconfig */;
			buildSettings = {
				ALWAYS_EMBED_SWIFT_STANDARD_LIBRARIES = YES;
				ASSETCATALOG_COMPILER_APPICON_NAME = AppIcon;
				CODE_SIGN_STYLE = Automatic;
				DEVELOPMENT_TEAM = 79RZ866842;
				INFOPLIST_FILE = Navigation/Info.plist;
				LD_RUNPATH_SEARCH_PATHS = (
					"$(inherited)",
					"@executable_path/Frameworks",
				);
				PRODUCT_BUNDLE_IDENTIFIER = com.artemnovichkov.Navigation;
				PRODUCT_NAME = "$(TARGET_NAME)";
				SWIFT_ACTIVE_COMPILATION_CONDITIONS = "";
				"SWIFT_ACTIVE_COMPILATION_CONDITIONS[arch=*]" = DEBUG;
				SWIFT_VERSION = 5.0;
				TARGETED_DEVICE_FAMILY = "1,2";
			};
			name = Debug;
		};
		060782C4250CE27A00A87020 /* Release */ = {
			isa = XCBuildConfiguration;
			baseConfigurationReference = 475996EB6C3EB3ABC714F943 /* Pods-Navigation.release.xcconfig */;
			buildSettings = {
				ALWAYS_EMBED_SWIFT_STANDARD_LIBRARIES = YES;
				ASSETCATALOG_COMPILER_APPICON_NAME = AppIcon;
				CODE_SIGN_STYLE = Automatic;
				DEVELOPMENT_TEAM = 79RZ866842;
				INFOPLIST_FILE = Navigation/Info.plist;
				LD_RUNPATH_SEARCH_PATHS = (
					"$(inherited)",
					"@executable_path/Frameworks",
				);
				PRODUCT_BUNDLE_IDENTIFIER = com.artemnovichkov.Navigation;
				PRODUCT_NAME = "$(TARGET_NAME)";
				SWIFT_VERSION = 5.0;
				TARGETED_DEVICE_FAMILY = "1,2";
			};
			name = Release;
		};
		30B97D5426E8DD27004DDC78 /* Debug */ = {
			isa = XCBuildConfiguration;
			buildSettings = {
				CODE_SIGN_STYLE = Automatic;
				CURRENT_PROJECT_VERSION = 1;
				DEFINES_MODULE = YES;
				DEVELOPMENT_TEAM = 79RZ866842;
				DYLIB_COMPATIBILITY_VERSION = 1;
				DYLIB_CURRENT_VERSION = 1;
				DYLIB_INSTALL_NAME_BASE = "@rpath";
				INFOPLIST_FILE = StorageService/Info.plist;
				INSTALL_PATH = "$(LOCAL_LIBRARY_DIR)/Frameworks";
				IPHONEOS_DEPLOYMENT_TARGET = 13.6;
				LD_RUNPATH_SEARCH_PATHS = (
					"$(inherited)",
					"@executable_path/Frameworks",
					"@loader_path/Frameworks",
				);
				PRODUCT_BUNDLE_IDENTIFIER = com.example.StorageService;
				PRODUCT_NAME = "$(TARGET_NAME:c99extidentifier)";
				SKIP_INSTALL = YES;
				SWIFT_VERSION = 5.0;
				TARGETED_DEVICE_FAMILY = "1,2";
				VERSIONING_SYSTEM = "apple-generic";
				VERSION_INFO_PREFIX = "";
			};
			name = Debug;
		};
		30B97D5526E8DD27004DDC78 /* Release */ = {
			isa = XCBuildConfiguration;
			buildSettings = {
				CODE_SIGN_STYLE = Automatic;
				CURRENT_PROJECT_VERSION = 1;
				DEFINES_MODULE = YES;
				DEVELOPMENT_TEAM = 79RZ866842;
				DYLIB_COMPATIBILITY_VERSION = 1;
				DYLIB_CURRENT_VERSION = 1;
				DYLIB_INSTALL_NAME_BASE = "@rpath";
				INFOPLIST_FILE = StorageService/Info.plist;
				INSTALL_PATH = "$(LOCAL_LIBRARY_DIR)/Frameworks";
				IPHONEOS_DEPLOYMENT_TARGET = 13.6;
				LD_RUNPATH_SEARCH_PATHS = (
					"$(inherited)",
					"@executable_path/Frameworks",
					"@loader_path/Frameworks",
				);
				PRODUCT_BUNDLE_IDENTIFIER = com.example.StorageService;
				PRODUCT_NAME = "$(TARGET_NAME:c99extidentifier)";
				SKIP_INSTALL = YES;
				SWIFT_VERSION = 5.0;
				TARGETED_DEVICE_FAMILY = "1,2";
				VERSIONING_SYSTEM = "apple-generic";
				VERSION_INFO_PREFIX = "";
			};
			name = Release;
		};
/* End XCBuildConfiguration section */

/* Begin XCConfigurationList section */
		060782A9250CE27700A87020 /* Build configuration list for PBXProject "Navigation" */ = {
			isa = XCConfigurationList;
			buildConfigurations = (
				060782C0250CE27A00A87020 /* Debug */,
				060782C1250CE27A00A87020 /* Release */,
			);
			defaultConfigurationIsVisible = 0;
			defaultConfigurationName = Release;
		};
		060782C2250CE27A00A87020 /* Build configuration list for PBXNativeTarget "Navigation" */ = {
			isa = XCConfigurationList;
			buildConfigurations = (
				060782C3250CE27A00A87020 /* Debug */,
				060782C4250CE27A00A87020 /* Release */,
			);
			defaultConfigurationIsVisible = 0;
			defaultConfigurationName = Release;
		};
		30B97D5626E8DD27004DDC78 /* Build configuration list for PBXNativeTarget "StorageService" */ = {
			isa = XCConfigurationList;
			buildConfigurations = (
				30B97D5426E8DD27004DDC78 /* Debug */,
				30B97D5526E8DD27004DDC78 /* Release */,
			);
			defaultConfigurationIsVisible = 0;
			defaultConfigurationName = Release;
		};
/* End XCConfigurationList section */

/* Begin XCRemoteSwiftPackageReference section */
		306CFF0C26EE6AAB0006072C /* XCRemoteSwiftPackageReference "iOSIntPackage" */ = {
			isa = XCRemoteSwiftPackageReference;
			repositoryURL = "https://github.com/TrueMax/iOSIntPackage";
			requirement = {
				kind = upToNextMajorVersion;
				minimumVersion = 3.2.3;
			};
		};
/* End XCRemoteSwiftPackageReference section */

/* Begin XCSwiftPackageProductDependency section */
		306CFF0D26EE6AAB0006072C /* iOSIntPackage */ = {
			isa = XCSwiftPackageProductDependency;
			package = 306CFF0C26EE6AAB0006072C /* XCRemoteSwiftPackageReference "iOSIntPackage" */;
			productName = iOSIntPackage;
		};
/* End XCSwiftPackageProductDependency section */
	};
	rootObject = 060782A6250CE27700A87020 /* Project object */;
}
